
Microsoft Visual Studio Solution File, Format Version 12.00
# Visual Studio 2013
VisualStudioVersion = 12.0.30324.0
MinimumVisualStudioVersion = 10.0.40219.1
Project("{9092AA53-FB77-4645-B42D-1CCCA6BD08BD}") = "TxtUs", "TxtUs\TxtUs.njsproj", "{F2F97E98-E930-459C-9F23-50997D8E3429}"
EndProject
Global
	GlobalSection(SolutionConfigurationPlatforms) = preSolution
		Debug|Any CPU = Debug|Any CPU
		Release|Any CPU = Release|Any CPU
	EndGlobalSection
	GlobalSection(ProjectConfigurationPlatforms) = postSolution
		{F2F97E98-E930-459C-9F23-50997D8E3429}.Debug|Any CPU.ActiveCfg = Debug|Any CPU
		{F2F97E98-E930-459C-9F23-50997D8E3429}.Debug|Any CPU.Build.0 = Debug|Any CPU
		{F2F97E98-E930-459C-9F23-50997D8E3429}.Release|Any CPU.ActiveCfg = Release|Any CPU
		{F2F97E98-E930-459C-9F23-50997D8E3429}.Release|Any CPU.Build.0 = Release|Any CPU
	EndGlobalSection
	GlobalSection(SolutionProperties) = preSolution
		HideSolutionNode = FALSE
	EndGlobalSection
EndGlobal
